
Microsoft Visual Studio Solution File, Format Version 12.00
# Visual Studio Version 16
VisualStudioVersion = 16.0.29709.97
MinimumVisualStudioVersion = 10.0.40219.1
Project("{FAE04EC0-301F-11D3-BF4B-00C04F79EFBC}") = "CSVideo", "CSVideo\CSVideo.csproj", "{A69DA302-77D5-47E0-B589-50695257D05B}"
EndProject
Project("{FAE04EC0-301F-11D3-BF4B-00C04F79EFBC}") = "CSVideo.Example", "CSVideo.Example\CSVideo.Example.csproj", "{31604606-5B24-417A-A9C3-36F9A9AB2DF2}"
EndProject
Global
	GlobalSection(SolutionConfigurationPlatforms) = preSolution
		Debug|Any CPU = Debug|Any CPU
		Debug|x64 = Debug|x64
		Release|Any CPU = Release|Any CPU
		Release|x64 = Release|x64
	EndGlobalSection
	GlobalSection(ProjectConfigurationPlatforms) = postSolution
		{A69DA302-77D5-47E0-B589-50695257D05B}.Debug|Any CPU.ActiveCfg = Debug|Any CPU
		{A69DA302-77D5-47E0-B589-50695257D05B}.Debug|Any CPU.Build.0 = Debug|Any CPU
		{A69DA302-77D5-47E0-B589-50695257D05B}.Debug|x64.ActiveCfg = Debug|x64
		{A69DA302-77D5-47E0-B589-50695257D05B}.Debug|x64.Build.0 = Debug|x64
		{A69DA302-77D5-47E0-B589-50695257D05B}.Release|Any CPU.ActiveCfg = Release|Any CPU
		{A69DA302-77D5-47E0-B589-50695257D05B}.Release|Any CPU.Build.0 = Release|Any CPU
		{A69DA302-77D5-47E0-B589-50695257D05B}.Release|x64.ActiveCfg = Release|x64
		{A69DA302-77D5-47E0-B589-50695257D05B}.Release|x64.Build.0 = Release|x64
		{31604606-5B24-417A-A9C3-36F9A9AB2DF2}.Debug|Any CPU.ActiveCfg = Debug|Any CPU
		{31604606-5B24-417A-A9C3-36F9A9AB2DF2}.Debug|Any CPU.Build.0 = Debug|Any CPU
		{31604606-5B24-417A-A9C3-36F9A9AB2DF2}.Debug|x64.ActiveCfg = Debug|x64
		{31604606-5B24-417A-A9C3-36F9A9AB2DF2}.Debug|x64.Build.0 = Debug|x64
		{31604606-5B24-417A-A9C3-36F9A9AB2DF2}.Release|Any CPU.ActiveCfg = Release|Any CPU
		{31604606-5B24-417A-A9C3-36F9A9AB2DF2}.Release|Any CPU.Build.0 = Release|Any CPU
		{31604606-5B24-417A-A9C3-36F9A9AB2DF2}.Release|x64.ActiveCfg = Release|x64
		{31604606-5B24-417A-A9C3-36F9A9AB2DF2}.Release|x64.Build.0 = Release|x64
	EndGlobalSection
	GlobalSection(SolutionProperties) = preSolution
		HideSolutionNode = FALSE
	EndGlobalSection
	GlobalSection(ExtensibilityGlobals) = postSolution
		SolutionGuid = {4531AB4E-6CFC-42DC-89E0-882C53D72946}
	EndGlobalSection
EndGlobal
